
Microsoft Visual Studio Solution File, Format Version 12.00
# Visual Studio 2012
Project("{8BC9CEB8-8B4A-11D0-8D11-00A0C91BC942}") = "TortoiseHare", "TortoiseHare\TortoiseHare.vcxproj", "{4C826D74-D49A-4B49-8B58-C52C29611978}"
EndProject
Global
	GlobalSection(SolutionConfigurationPlatforms) = preSolution
		Debug|Win32 = Debug|Win32
		Release|Win32 = Release|Win32
	EndGlobalSection
	GlobalSection(ProjectConfigurationPlatforms) = postSolution
		{4C826D74-D49A-4B49-8B58-C52C29611978}.Debug|Win32.ActiveCfg = Debug|Win32
		{4C826D74-D49A-4B49-8B58-C52C29611978}.Debug|Win32.Build.0 = Debug|Win32
		{4C826D74-D49A-4B49-8B58-C52C29611978}.Release|Win32.ActiveCfg = Release|Win32
		{4C826D74-D49A-4B49-8B58-C52C29611978}.Release|Win32.Build.0 = Release|Win32
	EndGlobalSection
	GlobalSection(SolutionProperties) = preSolution
		HideSolutionNode = FALSE
	EndGlobalSection
EndGlobal
